
Microsoft Visual Studio Solution File, Format Version 12.00
# Visual Studio Version 16
VisualStudioVersion = 16.0.30524.135
MinimumVisualStudioVersion = 10.0.40219.1
Project("{9A19103F-16F7-4668-BE54-9A1E7A4F7556}") = "vtbulk", "vtbulk.csproj", "{640DBF8D-74CD-4B0B-B4AA-707E8A1FE31D}"
EndProject
Global
	GlobalSection(SolutionConfigurationPlatforms) = preSolution
		Debug|Any CPU = Debug|Any CPU
		Release|Any CPU = Release|Any CPU
	EndGlobalSection
	GlobalSection(ProjectConfigurationPlatforms) = postSolution
		{640DBF8D-74CD-4B0B-B4AA-707E8A1FE31D}.Debug|Any CPU.ActiveCfg = Debug|Any CPU
		{640DBF8D-74CD-4B0B-B4AA-707E8A1FE31D}.Debug|Any CPU.Build.0 = Debug|Any CPU
		{640DBF8D-74CD-4B0B-B4AA-707E8A1FE31D}.Release|Any CPU.ActiveCfg = Release|Any CPU
		{640DBF8D-74CD-4B0B-B4AA-707E8A1FE31D}.Release|Any CPU.Build.0 = Release|Any CPU
	EndGlobalSection
	GlobalSection(SolutionProperties) = preSolution
		HideSolutionNode = FALSE
	EndGlobalSection
	GlobalSection(ExtensibilityGlobals) = postSolution
		SolutionGuid = {1A0BEF05-84BE-446B-9590-E3D66C2841C3}
	EndGlobalSection
EndGlobal
